
Microsoft Visual Studio Solution File, Format Version 12.00
# Visual Studio Version 17
VisualStudioVersion = 17.0.31903.59
MinimumVisualStudioVersion = 10.0.40219.1
Project("{FAE04EC0-301F-11D3-BF4B-00C04F79EFBC}") = "MyCalender", "MyCalender\MyCalender.csproj", "{A75E3195-22D8-41F6-8A12-19376219682F}"
EndProject
Project("{FAE04EC0-301F-11D3-BF4B-00C04F79EFBC}") = "Proj2", "Proj2\Proj2.csproj", "{F0477BC7-9922-46E0-A3F7-D57CE293070C}"
EndProject
Project("{FAE04EC0-301F-11D3-BF4B-00C04F79EFBC}") = "Applogic", "Applogic\Applogic.csproj", "{64BC73DD-DEC6-4C68-A571-EC265C7FB072}"
EndProject
Global
	GlobalSection(SolutionConfigurationPlatforms) = preSolution
		Debug|Any CPU = Debug|Any CPU
		Release|Any CPU = Release|Any CPU
	EndGlobalSection
	GlobalSection(SolutionProperties) = preSolution
		HideSolutionNode = FALSE
	EndGlobalSection
	GlobalSection(ProjectConfigurationPlatforms) = postSolution
		{A75E3195-22D8-41F6-8A12-19376219682F}.Debug|Any CPU.ActiveCfg = Debug|Any CPU
		{A75E3195-22D8-41F6-8A12-19376219682F}.Debug|Any CPU.Build.0 = Debug|Any CPU
		{A75E3195-22D8-41F6-8A12-19376219682F}.Release|Any CPU.ActiveCfg = Release|Any CPU
		{A75E3195-22D8-41F6-8A12-19376219682F}.Release|Any CPU.Build.0 = Release|Any CPU
		{F0477BC7-9922-46E0-A3F7-D57CE293070C}.Debug|Any CPU.ActiveCfg = Debug|Any CPU
		{F0477BC7-9922-46E0-A3F7-D57CE293070C}.Debug|Any CPU.Build.0 = Debug|Any CPU
		{F0477BC7-9922-46E0-A3F7-D57CE293070C}.Release|Any CPU.ActiveCfg = Release|Any CPU
		{F0477BC7-9922-46E0-A3F7-D57CE293070C}.Release|Any CPU.Build.0 = Release|Any CPU
		{64BC73DD-DEC6-4C68-A571-EC265C7FB072}.Debug|Any CPU.ActiveCfg = Debug|Any CPU
		{64BC73DD-DEC6-4C68-A571-EC265C7FB072}.Debug|Any CPU.Build.0 = Debug|Any CPU
		{64BC73DD-DEC6-4C68-A571-EC265C7FB072}.Release|Any CPU.ActiveCfg = Release|Any CPU
		{64BC73DD-DEC6-4C68-A571-EC265C7FB072}.Release|Any CPU.Build.0 = Release|Any CPU
	EndGlobalSection
EndGlobal
